
Microsoft Visual Studio Solution File, Format Version 12.00
# Visual Studio 14
VisualStudioVersion = 14.0.25420.1
MinimumVisualStudioVersion = 10.0.40219.1
Project("{FAE04EC0-301F-11D3-BF4B-00C04F79EFBC}") = "01-TwoTasks", "01-TwoTasks\01-TwoTasks.csproj", "{CDD05B98-9DCB-4D09-96BC-D56512AFAFAE}"
EndProject
Project("{FAE04EC0-301F-11D3-BF4B-00C04F79EFBC}") = "02-WaitAll", "02-WaitAll\02-WaitAll.csproj", "{4BDE0032-743C-4414-A6B1-40A06B0AE0D1}"
EndProject
Project("{FAE04EC0-301F-11D3-BF4B-00C04F79EFBC}") = "03-Wait", "03-Wait\03-Wait.csproj", "{263B8212-B777-4E74-BE70-F508C44E5249}"
EndProject
Project("{FAE04EC0-301F-11D3-BF4B-00C04F79EFBC}") = "04-WaitAny", "04-WaitAny\04-WaitAny.csproj", "{972A938C-A49F-471E-9E34-726DEA815825}"
EndProject
Project("{FAE04EC0-301F-11D3-BF4B-00C04F79EFBC}") = "05-PassingArguments", "05-PassingArguments\05-PassingArguments.csproj", "{84223021-0340-47C9-8AD1-00FF53E230E2}"
EndProject
Project("{FAE04EC0-301F-11D3-BF4B-00C04F79EFBC}") = "06-ReturningResults", "06-ReturningResults\06-ReturningResults.csproj", "{D1B33FAA-AC7B-47D6-9309-63F42059D2A5}"
EndProject
Global
	GlobalSection(SolutionConfigurationPlatforms) = preSolution
		Debug|Any CPU = Debug|Any CPU
		Release|Any CPU = Release|Any CPU
	EndGlobalSection
	GlobalSection(ProjectConfigurationPlatforms) = postSolution
		{CDD05B98-9DCB-4D09-96BC-D56512AFAFAE}.Debug|Any CPU.ActiveCfg = Debug|Any CPU
		{CDD05B98-9DCB-4D09-96BC-D56512AFAFAE}.Debug|Any CPU.Build.0 = Debug|Any CPU
		{CDD05B98-9DCB-4D09-96BC-D56512AFAFAE}.Release|Any CPU.ActiveCfg = Release|Any CPU
		{CDD05B98-9DCB-4D09-96BC-D56512AFAFAE}.Release|Any CPU.Build.0 = Release|Any CPU
		{4BDE0032-743C-4414-A6B1-40A06B0AE0D1}.Debug|Any CPU.ActiveCfg = Debug|Any CPU
		{4BDE0032-743C-4414-A6B1-40A06B0AE0D1}.Debug|Any CPU.Build.0 = Debug|Any CPU
		{4BDE0032-743C-4414-A6B1-40A06B0AE0D1}.Release|Any CPU.ActiveCfg = Release|Any CPU
		{4BDE0032-743C-4414-A6B1-40A06B0AE0D1}.Release|Any CPU.Build.0 = Release|Any CPU
		{263B8212-B777-4E74-BE70-F508C44E5249}.Debug|Any CPU.ActiveCfg = Debug|Any CPU
		{263B8212-B777-4E74-BE70-F508C44E5249}.Debug|Any CPU.Build.0 = Debug|Any CPU
		{263B8212-B777-4E74-BE70-F508C44E5249}.Release|Any CPU.ActiveCfg = Release|Any CPU
		{263B8212-B777-4E74-BE70-F508C44E5249}.Release|Any CPU.Build.0 = Release|Any CPU
		{972A938C-A49F-471E-9E34-726DEA815825}.Debug|Any CPU.ActiveCfg = Debug|Any CPU
		{972A938C-A49F-471E-9E34-726DEA815825}.Debug|Any CPU.Build.0 = Debug|Any CPU
		{972A938C-A49F-471E-9E34-726DEA815825}.Release|Any CPU.ActiveCfg = Release|Any CPU
		{972A938C-A49F-471E-9E34-726DEA815825}.Release|Any CPU.Build.0 = Release|Any CPU
		{84223021-0340-47C9-8AD1-00FF53E230E2}.Debug|Any CPU.ActiveCfg = Debug|Any CPU
		{84223021-0340-47C9-8AD1-00FF53E230E2}.Debug|Any CPU.Build.0 = Debug|Any CPU
		{84223021-0340-47C9-8AD1-00FF53E230E2}.Release|Any CPU.ActiveCfg = Release|Any CPU
		{84223021-0340-47C9-8AD1-00FF53E230E2}.Release|Any CPU.Build.0 = Release|Any CPU
		{D1B33FAA-AC7B-47D6-9309-63F42059D2A5}.Debug|Any CPU.ActiveCfg = Debug|Any CPU
		{D1B33FAA-AC7B-47D6-9309-63F42059D2A5}.Debug|Any CPU.Build.0 = Debug|Any CPU
		{D1B33FAA-AC7B-47D6-9309-63F42059D2A5}.Release|Any CPU.ActiveCfg = Release|Any CPU
		{D1B33FAA-AC7B-47D6-9309-63F42059D2A5}.Release|Any CPU.Build.0 = Release|Any CPU
	EndGlobalSection
	GlobalSection(SolutionProperties) = preSolution
		HideSolutionNode = FALSE
	EndGlobalSection
EndGlobal
